
Microsoft Visual Studio Solution File, Format Version 12.00
# Visual Studio Version 17
VisualStudioVersion = 17.14.36518.9 d17.14
MinimumVisualStudioVersion = 10.0.40219.1
Project("{FAE04EC0-301F-11D3-BF4B-00C04F79EFBC}") = "WorkoutPlannerWPF", "WorkoutPlannerWPF\WorkoutPlannerWPF.csproj", "{D1761A1B-4DC0-4A45-8EFE-D8F5911774BA}"
EndProject
Global
	GlobalSection(SolutionConfigurationPlatforms) = preSolution
		Debug|Any CPU = Debug|Any CPU
		Release|Any CPU = Release|Any CPU
	EndGlobalSection
	GlobalSection(ProjectConfigurationPlatforms) = postSolution
		{D1761A1B-4DC0-4A45-8EFE-D8F5911774BA}.Debug|Any CPU.ActiveCfg = Debug|Any CPU
		{D1761A1B-4DC0-4A45-8EFE-D8F5911774BA}.Debug|Any CPU.Build.0 = Debug|Any CPU
		{D1761A1B-4DC0-4A45-8EFE-D8F5911774BA}.Release|Any CPU.ActiveCfg = Release|Any CPU
		{D1761A1B-4DC0-4A45-8EFE-D8F5911774BA}.Release|Any CPU.Build.0 = Release|Any CPU
	EndGlobalSection
	GlobalSection(SolutionProperties) = preSolution
		HideSolutionNode = FALSE
	EndGlobalSection
	GlobalSection(ExtensibilityGlobals) = postSolution
		SolutionGuid = {59873B1F-191B-4BF6-9BC6-3BD24AB64562}
	EndGlobalSection
EndGlobal
